
Microsoft Visual Studio Solution File, Format Version 12.00
# Visual Studio Version 16
VisualStudioVersion = 16.0.31424.327
MinimumVisualStudioVersion = 10.0.40219.1
Project("{FAE04EC0-301F-11D3-BF4B-00C04F79EFBC}") = "CoffeeShopApi", "CoffeeShopApi\CoffeeShopApi.csproj", "{D503ECA5-09F7-4128-982B-0619F5EC1F7D}"
EndProject
Global
	GlobalSection(SolutionConfigurationPlatforms) = preSolution
		Debug|Any CPU = Debug|Any CPU
		Release|Any CPU = Release|Any CPU
	EndGlobalSection
	GlobalSection(ProjectConfigurationPlatforms) = postSolution
		{D503ECA5-09F7-4128-982B-0619F5EC1F7D}.Debug|Any CPU.ActiveCfg = Debug|Any CPU
		{D503ECA5-09F7-4128-982B-0619F5EC1F7D}.Debug|Any CPU.Build.0 = Debug|Any CPU
		{D503ECA5-09F7-4128-982B-0619F5EC1F7D}.Release|Any CPU.ActiveCfg = Release|Any CPU
		{D503ECA5-09F7-4128-982B-0619F5EC1F7D}.Release|Any CPU.Build.0 = Release|Any CPU
	EndGlobalSection
	GlobalSection(SolutionProperties) = preSolution
		HideSolutionNode = FALSE
	EndGlobalSection
	GlobalSection(ExtensibilityGlobals) = postSolution
		SolutionGuid = {497ABB06-97B9-4C84-9734-84060E8D1EA9}
	EndGlobalSection
EndGlobal
